
Microsoft Visual Studio Solution File, Format Version 12.00
# Visual Studio Version 16
VisualStudioVersion = 16.0.31005.135
MinimumVisualStudioVersion = 10.0.40219.1
Project("{9A19103F-16F7-4668-BE54-9A1E7A4F7556}") = "01", "01\01.csproj", "{24839E8B-AA04-432F-95C0-D6626E04E4BF}"
EndProject
Project("{9A19103F-16F7-4668-BE54-9A1E7A4F7556}") = "02", "02\02.csproj", "{FCAC6768-9F75-4FA5-B608-61A539D80199}"
EndProject
Project("{9A19103F-16F7-4668-BE54-9A1E7A4F7556}") = "03", "03\03.csproj", "{256FE0DA-E10A-4471-8D1E-A9A90596DCEF}"
EndProject
Project("{9A19103F-16F7-4668-BE54-9A1E7A4F7556}") = "04", "04\04.csproj", "{7D989042-E3BF-48B7-ACD4-A3A30A5BB60E}"
EndProject
Project("{9A19103F-16F7-4668-BE54-9A1E7A4F7556}") = "05", "05\05.csproj", "{7F0A23BD-B42F-44A6-8416-D55C65F08BF8}"
EndProject
Project("{9A19103F-16F7-4668-BE54-9A1E7A4F7556}") = "06", "06\06.csproj", "{5FC1259C-471E-4E9E-BDA9-3EBD370FD368}"
EndProject
Project("{9A19103F-16F7-4668-BE54-9A1E7A4F7556}") = "07", "07\07.csproj", "{6D801CE0-58AA-47FD-B742-E2169D364B2A}"
EndProject
Project("{9A19103F-16F7-4668-BE54-9A1E7A4F7556}") = "08", "08\08.csproj", "{47B76491-6FA0-4610-B6EC-5CCACBEB633D}"
EndProject
Project("{9A19103F-16F7-4668-BE54-9A1E7A4F7556}") = "09", "09\09.csproj", "{8D78AB2C-5849-4D45-81A4-6EB30F20C6EB}"
EndProject
Project("{9A19103F-16F7-4668-BE54-9A1E7A4F7556}") = "10", "10\10.csproj", "{636607A8-A944-48B4-838B-C2AA5D9857A2}"
EndProject
Project("{9A19103F-16F7-4668-BE54-9A1E7A4F7556}") = "11", "11\11.csproj", "{6C0A8D88-E3B2-4780-BBCB-3B1697D6A95A}"
EndProject
Project("{9A19103F-16F7-4668-BE54-9A1E7A4F7556}") = "12", "12\12.csproj", "{C2BACABA-ABCB-4146-A74D-24D32611B28D}"
EndProject
Project("{9A19103F-16F7-4668-BE54-9A1E7A4F7556}") = "13", "13\13.csproj", "{9A6FFAF1-F896-498E-96C5-4B4FFCB037DC}"
EndProject
Project("{9A19103F-16F7-4668-BE54-9A1E7A4F7556}") = "14", "14\14.csproj", "{787500F9-6658-4424-BD81-F95710C57227}"
EndProject
Project("{9A19103F-16F7-4668-BE54-9A1E7A4F7556}") = "15", "15\15.csproj", "{C39A482B-D281-47B9-8152-54AB0C66E732}"
EndProject
Project("{FAE04EC0-301F-11D3-BF4B-00C04F79EFBC}") = "16", "16\16.csproj", "{A4C1E036-1E1E-49DB-940A-0602C1C23ECB}"
EndProject
Project("{FAE04EC0-301F-11D3-BF4B-00C04F79EFBC}") = "17", "17\17.csproj", "{1D925105-D47E-4B7F-92D1-78AE834033E7}"
EndProject
Project("{FAE04EC0-301F-11D3-BF4B-00C04F79EFBC}") = "18", "18\18.csproj", "{FFC0CA82-853F-485E-AC5C-ED0CF7501FFB}"
EndProject
Project("{FAE04EC0-301F-11D3-BF4B-00C04F79EFBC}") = "20", "20\20.csproj", "{09CABE9F-4130-48EC-91AD-B5D82E276405}"
EndProject
Project("{FAE04EC0-301F-11D3-BF4B-00C04F79EFBC}") = "21", "21\21.csproj", "{CF987CE7-EBD9-457F-9E45-CEC470D88BEE}"
EndProject
Project("{FAE04EC0-301F-11D3-BF4B-00C04F79EFBC}") = "22", "22\22.csproj", "{5F832C3F-9A1A-486D-89B1-50A29F97769B}"
EndProject
Global
	GlobalSection(SolutionConfigurationPlatforms) = preSolution
		Debug|Any CPU = Debug|Any CPU
		Release|Any CPU = Release|Any CPU
	EndGlobalSection
	GlobalSection(ProjectConfigurationPlatforms) = postSolution
		{24839E8B-AA04-432F-95C0-D6626E04E4BF}.Debug|Any CPU.ActiveCfg = Debug|Any CPU
		{24839E8B-AA04-432F-95C0-D6626E04E4BF}.Debug|Any CPU.Build.0 = Debug|Any CPU
		{24839E8B-AA04-432F-95C0-D6626E04E4BF}.Release|Any CPU.ActiveCfg = Release|Any CPU
		{24839E8B-AA04-432F-95C0-D6626E04E4BF}.Release|Any CPU.Build.0 = Release|Any CPU
		{FCAC6768-9F75-4FA5-B608-61A539D80199}.Debug|Any CPU.ActiveCfg = Debug|Any CPU
		{FCAC6768-9F75-4FA5-B608-61A539D80199}.Debug|Any CPU.Build.0 = Debug|Any CPU
		{FCAC6768-9F75-4FA5-B608-61A539D80199}.Release|Any CPU.ActiveCfg = Release|Any CPU
		{FCAC6768-9F75-4FA5-B608-61A539D80199}.Release|Any CPU.Build.0 = Release|Any CPU
		{256FE0DA-E10A-4471-8D1E-A9A90596DCEF}.Debug|Any CPU.ActiveCfg = Debug|Any CPU
		{256FE0DA-E10A-4471-8D1E-A9A90596DCEF}.Debug|Any CPU.Build.0 = Debug|Any CPU
		{256FE0DA-E10A-4471-8D1E-A9A90596DCEF}.Release|Any CPU.ActiveCfg = Release|Any CPU
		{256FE0DA-E10A-4471-8D1E-A9A90596DCEF}.Release|Any CPU.Build.0 = Release|Any CPU
		{7D989042-E3BF-48B7-ACD4-A3A30A5BB60E}.Debug|Any CPU.ActiveCfg = Debug|Any CPU
		{7D989042-E3BF-48B7-ACD4-A3A30A5BB60E}.Debug|Any CPU.Build.0 = Debug|Any CPU
		{7D989042-E3BF-48B7-ACD4-A3A30A5BB60E}.Release|Any CPU.ActiveCfg = Release|Any CPU
		{7D989042-E3BF-48B7-ACD4-A3A30A5BB60E}.Release|Any CPU.Build.0 = Release|Any CPU
		{7F0A23BD-B42F-44A6-8416-D55C65F08BF8}.Debug|Any CPU.ActiveCfg = Debug|Any CPU
		{7F0A23BD-B42F-44A6-8416-D55C65F08BF8}.Debug|Any CPU.Build.0 = Debug|Any CPU
		{7F0A23BD-B42F-44A6-8416-D55C65F08BF8}.Release|Any CPU.ActiveCfg = Release|Any CPU
		{7F0A23BD-B42F-44A6-8416-D55C65F08BF8}.Release|Any CPU.Build.0 = Release|Any CPU
		{5FC1259C-471E-4E9E-BDA9-3EBD370FD368}.Debug|Any CPU.ActiveCfg = Debug|Any CPU
		{5FC1259C-471E-4E9E-BDA9-3EBD370FD368}.Debug|Any CPU.Build.0 = Debug|Any CPU
		{5FC1259C-471E-4E9E-BDA9-3EBD370FD368}.Release|Any CPU.ActiveCfg = Release|Any CPU
		{5FC1259C-471E-4E9E-BDA9-3EBD370FD368}.Release|Any CPU.Build.0 = Release|Any CPU
		{6D801CE0-58AA-47FD-B742-E2169D364B2A}.Debug|Any CPU.ActiveCfg = Debug|Any CPU
		{6D801CE0-58AA-47FD-B742-E2169D364B2A}.Debug|Any CPU.Build.0 = Debug|Any CPU
		{6D801CE0-58AA-47FD-B742-E2169D364B2A}.Release|Any CPU.ActiveCfg = Release|Any CPU
		{6D801CE0-58AA-47FD-B742-E2169D364B2A}.Release|Any CPU.Build.0 = Release|Any CPU
		{47B76491-6FA0-4610-B6EC-5CCACBEB633D}.Debug|Any CPU.ActiveCfg = Debug|Any CPU
		{47B76491-6FA0-4610-B6EC-5CCACBEB633D}.Debug|Any CPU.Build.0 = Debug|Any CPU
		{47B76491-6FA0-4610-B6EC-5CCACBEB633D}.Release|Any CPU.ActiveCfg = Release|Any CPU
		{47B76491-6FA0-4610-B6EC-5CCACBEB633D}.Release|Any CPU.Build.0 = Release|Any CPU
		{8D78AB2C-5849-4D45-81A4-6EB30F20C6EB}.Debug|Any CPU.ActiveCfg = Debug|Any CPU
		{8D78AB2C-5849-4D45-81A4-6EB30F20C6EB}.Debug|Any CPU.Build.0 = Debug|Any CPU
		{8D78AB2C-5849-4D45-81A4-6EB30F20C6EB}.Release|Any CPU.ActiveCfg = Release|Any CPU
		{8D78AB2C-5849-4D45-81A4-6EB30F20C6EB}.Release|Any CPU.Build.0 = Release|Any CPU
		{636607A8-A944-48B4-838B-C2AA5D9857A2}.Debug|Any CPU.ActiveCfg = Debug|Any CPU
		{636607A8-A944-48B4-838B-C2AA5D9857A2}.Debug|Any CPU.Build.0 = Debug|Any CPU
		{636607A8-A944-48B4-838B-C2AA5D9857A2}.Release|Any CPU.ActiveCfg = Release|Any CPU
		{636607A8-A944-48B4-838B-C2AA5D9857A2}.Release|Any CPU.Build.0 = Release|Any CPU
		{6C0A8D88-E3B2-4780-BBCB-3B1697D6A95A}.Debug|Any CPU.ActiveCfg = Debug|Any CPU
		{6C0A8D88-E3B2-4780-BBCB-3B1697D6A95A}.Debug|Any CPU.Build.0 = Debug|Any CPU
		{6C0A8D88-E3B2-4780-BBCB-3B1697D6A95A}.Release|Any CPU.ActiveCfg = Release|Any CPU
		{6C0A8D88-E3B2-4780-BBCB-3B1697D6A95A}.Release|Any CPU.Build.0 = Release|Any CPU
		{C2BACABA-ABCB-4146-A74D-24D32611B28D}.Debug|Any CPU.ActiveCfg = Debug|Any CPU
		{C2BACABA-ABCB-4146-A74D-24D32611B28D}.Debug|Any CPU.Build.0 = Debug|Any CPU
		{C2BACABA-ABCB-4146-A74D-24D32611B28D}.Release|Any CPU.ActiveCfg = Release|Any CPU
		{C2BACABA-ABCB-4146-A74D-24D32611B28D}.Release|Any CPU.Build.0 = Release|Any CPU
		{9A6FFAF1-F896-498E-96C5-4B4FFCB037DC}.Debug|Any CPU.ActiveCfg = Debug|Any CPU
		{9A6FFAF1-F896-498E-96C5-4B4FFCB037DC}.Debug|Any CPU.Build.0 = Debug|Any CPU
		{9A6FFAF1-F896-498E-96C5-4B4FFCB037DC}.Release|Any CPU.ActiveCfg = Release|Any CPU
		{9A6FFAF1-F896-498E-96C5-4B4FFCB037DC}.Release|Any CPU.Build.0 = Release|Any CPU
		{787500F9-6658-4424-BD81-F95710C57227}.Debug|Any CPU.ActiveCfg = Debug|Any CPU
		{787500F9-6658-4424-BD81-F95710C57227}.Debug|Any CPU.Build.0 = Debug|Any CPU
		{787500F9-6658-4424-BD81-F95710C57227}.Release|Any CPU.ActiveCfg = Release|Any CPU
		{787500F9-6658-4424-BD81-F95710C57227}.Release|Any CPU.Build.0 = Release|Any CPU
		{C39A482B-D281-47B9-8152-54AB0C66E732}.Debug|Any CPU.ActiveCfg = Debug|Any CPU
		{C39A482B-D281-47B9-8152-54AB0C66E732}.Debug|Any CPU.Build.0 = Debug|Any CPU
		{C39A482B-D281-47B9-8152-54AB0C66E732}.Release|Any CPU.ActiveCfg = Release|Any CPU
		{C39A482B-D281-47B9-8152-54AB0C66E732}.Release|Any CPU.Build.0 = Release|Any CPU
		{A4C1E036-1E1E-49DB-940A-0602C1C23ECB}.Debug|Any CPU.ActiveCfg = Debug|Any CPU
		{A4C1E036-1E1E-49DB-940A-0602C1C23ECB}.Debug|Any CPU.Build.0 = Debug|Any CPU
		{A4C1E036-1E1E-49DB-940A-0602C1C23ECB}.Release|Any CPU.ActiveCfg = Release|Any CPU
		{A4C1E036-1E1E-49DB-940A-0602C1C23ECB}.Release|Any CPU.Build.0 = Release|Any CPU
		{1D925105-D47E-4B7F-92D1-78AE834033E7}.Debug|Any CPU.ActiveCfg = Debug|Any CPU
		{1D925105-D47E-4B7F-92D1-78AE834033E7}.Debug|Any CPU.Build.0 = Debug|Any CPU
		{1D925105-D47E-4B7F-92D1-78AE834033E7}.Release|Any CPU.ActiveCfg = Release|Any CPU
		{1D925105-D47E-4B7F-92D1-78AE834033E7}.Release|Any CPU.Build.0 = Release|Any CPU
		{FFC0CA82-853F-485E-AC5C-ED0CF7501FFB}.Debug|Any CPU.ActiveCfg = Debug|Any CPU
		{FFC0CA82-853F-485E-AC5C-ED0CF7501FFB}.Debug|Any CPU.Build.0 = Debug|Any CPU
		{FFC0CA82-853F-485E-AC5C-ED0CF7501FFB}.Release|Any CPU.ActiveCfg = Release|Any CPU
		{FFC0CA82-853F-485E-AC5C-ED0CF7501FFB}.Release|Any CPU.Build.0 = Release|Any CPU
		{09CABE9F-4130-48EC-91AD-B5D82E276405}.Debug|Any CPU.ActiveCfg = Debug|Any CPU
		{09CABE9F-4130-48EC-91AD-B5D82E276405}.Debug|Any CPU.Build.0 = Debug|Any CPU
		{09CABE9F-4130-48EC-91AD-B5D82E276405}.Release|Any CPU.ActiveCfg = Release|Any CPU
		{09CABE9F-4130-48EC-91AD-B5D82E276405}.Release|Any CPU.Build.0 = Release|Any CPU
		{CF987CE7-EBD9-457F-9E45-CEC470D88BEE}.Debug|Any CPU.ActiveCfg = Debug|Any CPU
		{CF987CE7-EBD9-457F-9E45-CEC470D88BEE}.Debug|Any CPU.Build.0 = Debug|Any CPU
		{CF987CE7-EBD9-457F-9E45-CEC470D88BEE}.Release|Any CPU.ActiveCfg = Release|Any CPU
		{CF987CE7-EBD9-457F-9E45-CEC470D88BEE}.Release|Any CPU.Build.0 = Release|Any CPU
		{5F832C3F-9A1A-486D-89B1-50A29F97769B}.Debug|Any CPU.ActiveCfg = Debug|Any CPU
		{5F832C3F-9A1A-486D-89B1-50A29F97769B}.Debug|Any CPU.Build.0 = Debug|Any CPU
		{5F832C3F-9A1A-486D-89B1-50A29F97769B}.Release|Any CPU.ActiveCfg = Release|Any CPU
		{5F832C3F-9A1A-486D-89B1-50A29F97769B}.Release|Any CPU.Build.0 = Release|Any CPU
	EndGlobalSection
	GlobalSection(SolutionProperties) = preSolution
		HideSolutionNode = FALSE
	EndGlobalSection
	GlobalSection(ExtensibilityGlobals) = postSolution
		SolutionGuid = {82859125-BF8D-4726-9D39-63A138534DB9}
	EndGlobalSection
EndGlobal
