
Microsoft Visual Studio Solution File, Format Version 12.00
# Visual Studio Version 17
VisualStudioVersion = 17.3.32929.385
MinimumVisualStudioVersion = 10.0.40219.1
Project("{9A19103F-16F7-4668-BE54-9A1E7A4F7556}") = "01", "01\01.csproj", "{03A3DF2C-2AB8-40A5-86B8-C8D797FBA455}"
EndProject
Project("{9A19103F-16F7-4668-BE54-9A1E7A4F7556}") = "02", "02\02.csproj", "{607BD4B6-08E1-4251-86B6-CBB927F8DA25}"
EndProject
Project("{9A19103F-16F7-4668-BE54-9A1E7A4F7556}") = "03", "03\03.csproj", "{AE944CCA-FCDB-42E0-B7C1-8FADF492F204}"
EndProject
Project("{9A19103F-16F7-4668-BE54-9A1E7A4F7556}") = "04", "04\04.csproj", "{CC41EDF8-318F-4657-8F5F-D9FFC28D908F}"
EndProject
Project("{9A19103F-16F7-4668-BE54-9A1E7A4F7556}") = "05", "05\05.csproj", "{0236AFE7-A181-4278-9AF3-643F0EB00C23}"
EndProject
Project("{9A19103F-16F7-4668-BE54-9A1E7A4F7556}") = "06", "06\06.csproj", "{28C7E10D-845E-469D-B383-5F6C352AB53D}"
EndProject
Project("{9A19103F-16F7-4668-BE54-9A1E7A4F7556}") = "07", "07\07.csproj", "{FD5771CE-CC11-40A2-B4F5-B3CB66EB8619}"
EndProject
Project("{9A19103F-16F7-4668-BE54-9A1E7A4F7556}") = "08", "08\08.csproj", "{196DEBD7-BFCC-4357-9784-117BE15260BB}"
EndProject
Project("{9A19103F-16F7-4668-BE54-9A1E7A4F7556}") = "09", "09\09.csproj", "{B64759F8-7061-4359-AFA8-A5A835B85CBC}"
EndProject
Project("{9A19103F-16F7-4668-BE54-9A1E7A4F7556}") = "10", "10\10.csproj", "{1DF9C6D9-32ED-426C-B61D-0456474BED5C}"
EndProject
Project("{9A19103F-16F7-4668-BE54-9A1E7A4F7556}") = "11", "11\11.csproj", "{9BD09DCC-8C45-40F5-9F81-AEB528928617}"
EndProject
Project("{9A19103F-16F7-4668-BE54-9A1E7A4F7556}") = "12", "12\12.csproj", "{3AA53ABF-D891-4FCE-B7E8-B877CF600CD2}"
EndProject
Project("{9A19103F-16F7-4668-BE54-9A1E7A4F7556}") = "13", "13\13.csproj", "{B8EE97BF-1C32-44B0-9EDC-250D0185B424}"
EndProject
Project("{9A19103F-16F7-4668-BE54-9A1E7A4F7556}") = "14", "14\14.csproj", "{332F6905-7AD8-4E69-BE1A-10C982C2ABEA}"
EndProject
Project("{9A19103F-16F7-4668-BE54-9A1E7A4F7556}") = "15", "15\15.csproj", "{B824DFC6-5D62-4FC3-BFB9-C193B6282E98}"
EndProject
Project("{FAE04EC0-301F-11D3-BF4B-00C04F79EFBC}") = "16", "16\16.csproj", "{49199F19-13A1-4793-A792-9B1AD1ADA5E8}"
EndProject
Project("{FAE04EC0-301F-11D3-BF4B-00C04F79EFBC}") = "17", "17\17.csproj", "{CE073465-84BD-43C3-958D-867139AA2CAB}"
EndProject
Project("{FAE04EC0-301F-11D3-BF4B-00C04F79EFBC}") = "18", "18\18.csproj", "{29D5514C-3FA5-4A27-9134-42331A16F936}"
EndProject
Project("{FAE04EC0-301F-11D3-BF4B-00C04F79EFBC}") = "19", "19\19.csproj", "{3F5EAA1F-348F-4319-86B5-460C05881BED}"
EndProject
Project("{FAE04EC0-301F-11D3-BF4B-00C04F79EFBC}") = "20", "20\20.csproj", "{9BC8DF52-9713-4342-BF3C-30264B5C809C}"
EndProject
Project("{FAE04EC0-301F-11D3-BF4B-00C04F79EFBC}") = "21", "21\21.csproj", "{9BAAC1C2-279E-4755-A9E2-A2A2A9FF9D1C}"
EndProject
Project("{FAE04EC0-301F-11D3-BF4B-00C04F79EFBC}") = "22", "22\22.csproj", "{D9101B7D-899B-4735-B4CA-8B41AEB1B917}"
EndProject
Project("{FAE04EC0-301F-11D3-BF4B-00C04F79EFBC}") = "23", "23\23.csproj", "{EAB8967A-AA87-4C6D-8F5D-1DA987D834C1}"
EndProject
Project("{FAE04EC0-301F-11D3-BF4B-00C04F79EFBC}") = "24", "24\24.csproj", "{9A92C676-EF5D-449D-A2D6-FA394D6AEEA5}"
EndProject
Project("{FAE04EC0-301F-11D3-BF4B-00C04F79EFBC}") = "25", "25\25.csproj", "{C3B82D0F-1336-4C45-A735-1D3103AFA69F}"
EndProject
Global
	GlobalSection(SolutionConfigurationPlatforms) = preSolution
		Debug|Any CPU = Debug|Any CPU
		Release|Any CPU = Release|Any CPU
	EndGlobalSection
	GlobalSection(ProjectConfigurationPlatforms) = postSolution
		{03A3DF2C-2AB8-40A5-86B8-C8D797FBA455}.Debug|Any CPU.ActiveCfg = Debug|Any CPU
		{03A3DF2C-2AB8-40A5-86B8-C8D797FBA455}.Debug|Any CPU.Build.0 = Debug|Any CPU
		{03A3DF2C-2AB8-40A5-86B8-C8D797FBA455}.Release|Any CPU.ActiveCfg = Release|Any CPU
		{03A3DF2C-2AB8-40A5-86B8-C8D797FBA455}.Release|Any CPU.Build.0 = Release|Any CPU
		{607BD4B6-08E1-4251-86B6-CBB927F8DA25}.Debug|Any CPU.ActiveCfg = Debug|Any CPU
		{607BD4B6-08E1-4251-86B6-CBB927F8DA25}.Debug|Any CPU.Build.0 = Debug|Any CPU
		{607BD4B6-08E1-4251-86B6-CBB927F8DA25}.Release|Any CPU.ActiveCfg = Release|Any CPU
		{607BD4B6-08E1-4251-86B6-CBB927F8DA25}.Release|Any CPU.Build.0 = Release|Any CPU
		{AE944CCA-FCDB-42E0-B7C1-8FADF492F204}.Debug|Any CPU.ActiveCfg = Debug|Any CPU
		{AE944CCA-FCDB-42E0-B7C1-8FADF492F204}.Debug|Any CPU.Build.0 = Debug|Any CPU
		{AE944CCA-FCDB-42E0-B7C1-8FADF492F204}.Release|Any CPU.ActiveCfg = Release|Any CPU
		{AE944CCA-FCDB-42E0-B7C1-8FADF492F204}.Release|Any CPU.Build.0 = Release|Any CPU
		{CC41EDF8-318F-4657-8F5F-D9FFC28D908F}.Debug|Any CPU.ActiveCfg = Debug|Any CPU
		{CC41EDF8-318F-4657-8F5F-D9FFC28D908F}.Debug|Any CPU.Build.0 = Debug|Any CPU
		{CC41EDF8-318F-4657-8F5F-D9FFC28D908F}.Release|Any CPU.ActiveCfg = Release|Any CPU
		{CC41EDF8-318F-4657-8F5F-D9FFC28D908F}.Release|Any CPU.Build.0 = Release|Any CPU
		{0236AFE7-A181-4278-9AF3-643F0EB00C23}.Debug|Any CPU.ActiveCfg = Debug|Any CPU
		{0236AFE7-A181-4278-9AF3-643F0EB00C23}.Debug|Any CPU.Build.0 = Debug|Any CPU
		{0236AFE7-A181-4278-9AF3-643F0EB00C23}.Release|Any CPU.ActiveCfg = Release|Any CPU
		{0236AFE7-A181-4278-9AF3-643F0EB00C23}.Release|Any CPU.Build.0 = Release|Any CPU
		{28C7E10D-845E-469D-B383-5F6C352AB53D}.Debug|Any CPU.ActiveCfg = Debug|Any CPU
		{28C7E10D-845E-469D-B383-5F6C352AB53D}.Debug|Any CPU.Build.0 = Debug|Any CPU
		{28C7E10D-845E-469D-B383-5F6C352AB53D}.Release|Any CPU.ActiveCfg = Release|Any CPU
		{28C7E10D-845E-469D-B383-5F6C352AB53D}.Release|Any CPU.Build.0 = Release|Any CPU
		{FD5771CE-CC11-40A2-B4F5-B3CB66EB8619}.Debug|Any CPU.ActiveCfg = Debug|Any CPU
		{FD5771CE-CC11-40A2-B4F5-B3CB66EB8619}.Debug|Any CPU.Build.0 = Debug|Any CPU
		{FD5771CE-CC11-40A2-B4F5-B3CB66EB8619}.Release|Any CPU.ActiveCfg = Release|Any CPU
		{FD5771CE-CC11-40A2-B4F5-B3CB66EB8619}.Release|Any CPU.Build.0 = Release|Any CPU
		{196DEBD7-BFCC-4357-9784-117BE15260BB}.Debug|Any CPU.ActiveCfg = Debug|Any CPU
		{196DEBD7-BFCC-4357-9784-117BE15260BB}.Debug|Any CPU.Build.0 = Debug|Any CPU
		{196DEBD7-BFCC-4357-9784-117BE15260BB}.Release|Any CPU.ActiveCfg = Release|Any CPU
		{196DEBD7-BFCC-4357-9784-117BE15260BB}.Release|Any CPU.Build.0 = Release|Any CPU
		{B64759F8-7061-4359-AFA8-A5A835B85CBC}.Debug|Any CPU.ActiveCfg = Debug|Any CPU
		{B64759F8-7061-4359-AFA8-A5A835B85CBC}.Debug|Any CPU.Build.0 = Debug|Any CPU
		{B64759F8-7061-4359-AFA8-A5A835B85CBC}.Release|Any CPU.ActiveCfg = Release|Any CPU
		{B64759F8-7061-4359-AFA8-A5A835B85CBC}.Release|Any CPU.Build.0 = Release|Any CPU
		{1DF9C6D9-32ED-426C-B61D-0456474BED5C}.Debug|Any CPU.ActiveCfg = Debug|Any CPU
		{1DF9C6D9-32ED-426C-B61D-0456474BED5C}.Debug|Any CPU.Build.0 = Debug|Any CPU
		{1DF9C6D9-32ED-426C-B61D-0456474BED5C}.Release|Any CPU.ActiveCfg = Release|Any CPU
		{1DF9C6D9-32ED-426C-B61D-0456474BED5C}.Release|Any CPU.Build.0 = Release|Any CPU
		{9BD09DCC-8C45-40F5-9F81-AEB528928617}.Debug|Any CPU.ActiveCfg = Debug|Any CPU
		{9BD09DCC-8C45-40F5-9F81-AEB528928617}.Debug|Any CPU.Build.0 = Debug|Any CPU
		{9BD09DCC-8C45-40F5-9F81-AEB528928617}.Release|Any CPU.ActiveCfg = Release|Any CPU
		{9BD09DCC-8C45-40F5-9F81-AEB528928617}.Release|Any CPU.Build.0 = Release|Any CPU
		{3AA53ABF-D891-4FCE-B7E8-B877CF600CD2}.Debug|Any CPU.ActiveCfg = Debug|Any CPU
		{3AA53ABF-D891-4FCE-B7E8-B877CF600CD2}.Debug|Any CPU.Build.0 = Debug|Any CPU
		{3AA53ABF-D891-4FCE-B7E8-B877CF600CD2}.Release|Any CPU.ActiveCfg = Release|Any CPU
		{3AA53ABF-D891-4FCE-B7E8-B877CF600CD2}.Release|Any CPU.Build.0 = Release|Any CPU
		{B8EE97BF-1C32-44B0-9EDC-250D0185B424}.Debug|Any CPU.ActiveCfg = Debug|Any CPU
		{B8EE97BF-1C32-44B0-9EDC-250D0185B424}.Debug|Any CPU.Build.0 = Debug|Any CPU
		{B8EE97BF-1C32-44B0-9EDC-250D0185B424}.Release|Any CPU.ActiveCfg = Release|Any CPU
		{B8EE97BF-1C32-44B0-9EDC-250D0185B424}.Release|Any CPU.Build.0 = Release|Any CPU
		{332F6905-7AD8-4E69-BE1A-10C982C2ABEA}.Debug|Any CPU.ActiveCfg = Debug|Any CPU
		{332F6905-7AD8-4E69-BE1A-10C982C2ABEA}.Debug|Any CPU.Build.0 = Debug|Any CPU
		{332F6905-7AD8-4E69-BE1A-10C982C2ABEA}.Release|Any CPU.ActiveCfg = Release|Any CPU
		{332F6905-7AD8-4E69-BE1A-10C982C2ABEA}.Release|Any CPU.Build.0 = Release|Any CPU
		{B824DFC6-5D62-4FC3-BFB9-C193B6282E98}.Debug|Any CPU.ActiveCfg = Debug|Any CPU
		{B824DFC6-5D62-4FC3-BFB9-C193B6282E98}.Debug|Any CPU.Build.0 = Debug|Any CPU
		{B824DFC6-5D62-4FC3-BFB9-C193B6282E98}.Release|Any CPU.ActiveCfg = Release|Any CPU
		{B824DFC6-5D62-4FC3-BFB9-C193B6282E98}.Release|Any CPU.Build.0 = Release|Any CPU
		{49199F19-13A1-4793-A792-9B1AD1ADA5E8}.Debug|Any CPU.ActiveCfg = Debug|Any CPU
		{49199F19-13A1-4793-A792-9B1AD1ADA5E8}.Debug|Any CPU.Build.0 = Debug|Any CPU
		{49199F19-13A1-4793-A792-9B1AD1ADA5E8}.Release|Any CPU.ActiveCfg = Release|Any CPU
		{49199F19-13A1-4793-A792-9B1AD1ADA5E8}.Release|Any CPU.Build.0 = Release|Any CPU
		{CE073465-84BD-43C3-958D-867139AA2CAB}.Debug|Any CPU.ActiveCfg = Debug|Any CPU
		{CE073465-84BD-43C3-958D-867139AA2CAB}.Debug|Any CPU.Build.0 = Debug|Any CPU
		{CE073465-84BD-43C3-958D-867139AA2CAB}.Release|Any CPU.ActiveCfg = Release|Any CPU
		{CE073465-84BD-43C3-958D-867139AA2CAB}.Release|Any CPU.Build.0 = Release|Any CPU
		{29D5514C-3FA5-4A27-9134-42331A16F936}.Debug|Any CPU.ActiveCfg = Debug|Any CPU
		{29D5514C-3FA5-4A27-9134-42331A16F936}.Debug|Any CPU.Build.0 = Debug|Any CPU
		{29D5514C-3FA5-4A27-9134-42331A16F936}.Release|Any CPU.ActiveCfg = Release|Any CPU
		{29D5514C-3FA5-4A27-9134-42331A16F936}.Release|Any CPU.Build.0 = Release|Any CPU
		{3F5EAA1F-348F-4319-86B5-460C05881BED}.Debug|Any CPU.ActiveCfg = Debug|Any CPU
		{3F5EAA1F-348F-4319-86B5-460C05881BED}.Debug|Any CPU.Build.0 = Debug|Any CPU
		{3F5EAA1F-348F-4319-86B5-460C05881BED}.Release|Any CPU.ActiveCfg = Release|Any CPU
		{3F5EAA1F-348F-4319-86B5-460C05881BED}.Release|Any CPU.Build.0 = Release|Any CPU
		{9BC8DF52-9713-4342-BF3C-30264B5C809C}.Debug|Any CPU.ActiveCfg = Debug|Any CPU
		{9BC8DF52-9713-4342-BF3C-30264B5C809C}.Debug|Any CPU.Build.0 = Debug|Any CPU
		{9BC8DF52-9713-4342-BF3C-30264B5C809C}.Release|Any CPU.ActiveCfg = Release|Any CPU
		{9BC8DF52-9713-4342-BF3C-30264B5C809C}.Release|Any CPU.Build.0 = Release|Any CPU
		{9BAAC1C2-279E-4755-A9E2-A2A2A9FF9D1C}.Debug|Any CPU.ActiveCfg = Debug|Any CPU
		{9BAAC1C2-279E-4755-A9E2-A2A2A9FF9D1C}.Debug|Any CPU.Build.0 = Debug|Any CPU
		{9BAAC1C2-279E-4755-A9E2-A2A2A9FF9D1C}.Release|Any CPU.ActiveCfg = Release|Any CPU
		{9BAAC1C2-279E-4755-A9E2-A2A2A9FF9D1C}.Release|Any CPU.Build.0 = Release|Any CPU
		{D9101B7D-899B-4735-B4CA-8B41AEB1B917}.Debug|Any CPU.ActiveCfg = Debug|Any CPU
		{D9101B7D-899B-4735-B4CA-8B41AEB1B917}.Debug|Any CPU.Build.0 = Debug|Any CPU
		{D9101B7D-899B-4735-B4CA-8B41AEB1B917}.Release|Any CPU.ActiveCfg = Release|Any CPU
		{D9101B7D-899B-4735-B4CA-8B41AEB1B917}.Release|Any CPU.Build.0 = Release|Any CPU
		{EAB8967A-AA87-4C6D-8F5D-1DA987D834C1}.Debug|Any CPU.ActiveCfg = Debug|Any CPU
		{EAB8967A-AA87-4C6D-8F5D-1DA987D834C1}.Debug|Any CPU.Build.0 = Debug|Any CPU
		{EAB8967A-AA87-4C6D-8F5D-1DA987D834C1}.Release|Any CPU.ActiveCfg = Release|Any CPU
		{EAB8967A-AA87-4C6D-8F5D-1DA987D834C1}.Release|Any CPU.Build.0 = Release|Any CPU
		{9A92C676-EF5D-449D-A2D6-FA394D6AEEA5}.Debug|Any CPU.ActiveCfg = Debug|Any CPU
		{9A92C676-EF5D-449D-A2D6-FA394D6AEEA5}.Debug|Any CPU.Build.0 = Debug|Any CPU
		{9A92C676-EF5D-449D-A2D6-FA394D6AEEA5}.Release|Any CPU.ActiveCfg = Release|Any CPU
		{9A92C676-EF5D-449D-A2D6-FA394D6AEEA5}.Release|Any CPU.Build.0 = Release|Any CPU
		{C3B82D0F-1336-4C45-A735-1D3103AFA69F}.Debug|Any CPU.ActiveCfg = Debug|Any CPU
		{C3B82D0F-1336-4C45-A735-1D3103AFA69F}.Debug|Any CPU.Build.0 = Debug|Any CPU
		{C3B82D0F-1336-4C45-A735-1D3103AFA69F}.Release|Any CPU.ActiveCfg = Release|Any CPU
		{C3B82D0F-1336-4C45-A735-1D3103AFA69F}.Release|Any CPU.Build.0 = Release|Any CPU
	EndGlobalSection
	GlobalSection(SolutionProperties) = preSolution
		HideSolutionNode = FALSE
	EndGlobalSection
	GlobalSection(ExtensibilityGlobals) = postSolution
		SolutionGuid = {ECD898EF-7A9B-4459-817B-592065C6E616}
	EndGlobalSection
EndGlobal
