
Microsoft Visual Studio Solution File, Format Version 12.00
# Visual Studio Version 17
VisualStudioVersion = 17.3.32929.385
MinimumVisualStudioVersion = 10.0.40219.1
Project("{9A19103F-16F7-4668-BE54-9A1E7A4F7556}") = "01", "01\01.csproj", "{03A3DF2C-2AB8-40A5-86B8-C8D797FBA455}"
EndProject
Project("{FAE04EC0-301F-11D3-BF4B-00C04F79EFBC}") = "02", "02\02.csproj", "{607BD4B6-08E1-4251-86B6-CBB927F8DA25}"
EndProject
Project("{FAE04EC0-301F-11D3-BF4B-00C04F79EFBC}") = "03", "03\03.csproj", "{AE944CCA-FCDB-42E0-B7C1-8FADF492F204}"
EndProject
Project("{FAE04EC0-301F-11D3-BF4B-00C04F79EFBC}") = "04", "04\04.csproj", "{CC41EDF8-318F-4657-8F5F-D9FFC28D908F}"
EndProject
Project("{FAE04EC0-301F-11D3-BF4B-00C04F79EFBC}") = "05", "05\05.csproj", "{0236AFE7-A181-4278-9AF3-643F0EB00C23}"
EndProject
Project("{FAE04EC0-301F-11D3-BF4B-00C04F79EFBC}") = "06", "06\06.csproj", "{28C7E10D-845E-469D-B383-5F6C352AB53D}"
EndProject
Project("{FAE04EC0-301F-11D3-BF4B-00C04F79EFBC}") = "07", "07\07.csproj", "{FD5771CE-CC11-40A2-B4F5-B3CB66EB8619}"
EndProject
Project("{FAE04EC0-301F-11D3-BF4B-00C04F79EFBC}") = "08", "08\08.csproj", "{196DEBD7-BFCC-4357-9784-117BE15260BB}"
EndProject
Project("{FAE04EC0-301F-11D3-BF4B-00C04F79EFBC}") = "09", "09\09.csproj", "{B64759F8-7061-4359-AFA8-A5A835B85CBC}"
EndProject
Project("{FAE04EC0-301F-11D3-BF4B-00C04F79EFBC}") = "10", "10\10.csproj", "{1DF9C6D9-32ED-426C-B61D-0456474BED5C}"
EndProject
Global
	GlobalSection(SolutionConfigurationPlatforms) = preSolution
		Debug|Any CPU = Debug|Any CPU
		Release|Any CPU = Release|Any CPU
	EndGlobalSection
	GlobalSection(ProjectConfigurationPlatforms) = postSolution
		{03A3DF2C-2AB8-40A5-86B8-C8D797FBA455}.Debug|Any CPU.ActiveCfg = Debug|Any CPU
		{03A3DF2C-2AB8-40A5-86B8-C8D797FBA455}.Debug|Any CPU.Build.0 = Debug|Any CPU
		{03A3DF2C-2AB8-40A5-86B8-C8D797FBA455}.Release|Any CPU.ActiveCfg = Release|Any CPU
		{03A3DF2C-2AB8-40A5-86B8-C8D797FBA455}.Release|Any CPU.Build.0 = Release|Any CPU
		{607BD4B6-08E1-4251-86B6-CBB927F8DA25}.Debug|Any CPU.ActiveCfg = Debug|Any CPU
		{607BD4B6-08E1-4251-86B6-CBB927F8DA25}.Debug|Any CPU.Build.0 = Debug|Any CPU
		{607BD4B6-08E1-4251-86B6-CBB927F8DA25}.Release|Any CPU.ActiveCfg = Release|Any CPU
		{607BD4B6-08E1-4251-86B6-CBB927F8DA25}.Release|Any CPU.Build.0 = Release|Any CPU
		{AE944CCA-FCDB-42E0-B7C1-8FADF492F204}.Debug|Any CPU.ActiveCfg = Debug|Any CPU
		{AE944CCA-FCDB-42E0-B7C1-8FADF492F204}.Debug|Any CPU.Build.0 = Debug|Any CPU
		{AE944CCA-FCDB-42E0-B7C1-8FADF492F204}.Release|Any CPU.ActiveCfg = Release|Any CPU
		{AE944CCA-FCDB-42E0-B7C1-8FADF492F204}.Release|Any CPU.Build.0 = Release|Any CPU
		{CC41EDF8-318F-4657-8F5F-D9FFC28D908F}.Debug|Any CPU.ActiveCfg = Debug|Any CPU
		{CC41EDF8-318F-4657-8F5F-D9FFC28D908F}.Debug|Any CPU.Build.0 = Debug|Any CPU
		{CC41EDF8-318F-4657-8F5F-D9FFC28D908F}.Release|Any CPU.ActiveCfg = Release|Any CPU
		{CC41EDF8-318F-4657-8F5F-D9FFC28D908F}.Release|Any CPU.Build.0 = Release|Any CPU
		{0236AFE7-A181-4278-9AF3-643F0EB00C23}.Debug|Any CPU.ActiveCfg = Debug|Any CPU
		{0236AFE7-A181-4278-9AF3-643F0EB00C23}.Debug|Any CPU.Build.0 = Debug|Any CPU
		{0236AFE7-A181-4278-9AF3-643F0EB00C23}.Release|Any CPU.ActiveCfg = Release|Any CPU
		{0236AFE7-A181-4278-9AF3-643F0EB00C23}.Release|Any CPU.Build.0 = Release|Any CPU
		{28C7E10D-845E-469D-B383-5F6C352AB53D}.Debug|Any CPU.ActiveCfg = Debug|Any CPU
		{28C7E10D-845E-469D-B383-5F6C352AB53D}.Debug|Any CPU.Build.0 = Debug|Any CPU
		{28C7E10D-845E-469D-B383-5F6C352AB53D}.Release|Any CPU.ActiveCfg = Release|Any CPU
		{28C7E10D-845E-469D-B383-5F6C352AB53D}.Release|Any CPU.Build.0 = Release|Any CPU
		{FD5771CE-CC11-40A2-B4F5-B3CB66EB8619}.Debug|Any CPU.ActiveCfg = Debug|Any CPU
		{FD5771CE-CC11-40A2-B4F5-B3CB66EB8619}.Debug|Any CPU.Build.0 = Debug|Any CPU
		{FD5771CE-CC11-40A2-B4F5-B3CB66EB8619}.Release|Any CPU.ActiveCfg = Release|Any CPU
		{FD5771CE-CC11-40A2-B4F5-B3CB66EB8619}.Release|Any CPU.Build.0 = Release|Any CPU
		{196DEBD7-BFCC-4357-9784-117BE15260BB}.Debug|Any CPU.ActiveCfg = Debug|Any CPU
		{196DEBD7-BFCC-4357-9784-117BE15260BB}.Debug|Any CPU.Build.0 = Debug|Any CPU
		{196DEBD7-BFCC-4357-9784-117BE15260BB}.Release|Any CPU.ActiveCfg = Release|Any CPU
		{196DEBD7-BFCC-4357-9784-117BE15260BB}.Release|Any CPU.Build.0 = Release|Any CPU
		{B64759F8-7061-4359-AFA8-A5A835B85CBC}.Debug|Any CPU.ActiveCfg = Debug|Any CPU
		{B64759F8-7061-4359-AFA8-A5A835B85CBC}.Debug|Any CPU.Build.0 = Debug|Any CPU
		{B64759F8-7061-4359-AFA8-A5A835B85CBC}.Release|Any CPU.ActiveCfg = Release|Any CPU
		{B64759F8-7061-4359-AFA8-A5A835B85CBC}.Release|Any CPU.Build.0 = Release|Any CPU
		{1DF9C6D9-32ED-426C-B61D-0456474BED5C}.Debug|Any CPU.ActiveCfg = Debug|Any CPU
		{1DF9C6D9-32ED-426C-B61D-0456474BED5C}.Debug|Any CPU.Build.0 = Debug|Any CPU
		{1DF9C6D9-32ED-426C-B61D-0456474BED5C}.Release|Any CPU.ActiveCfg = Release|Any CPU
		{1DF9C6D9-32ED-426C-B61D-0456474BED5C}.Release|Any CPU.Build.0 = Release|Any CPU
	EndGlobalSection
	GlobalSection(SolutionProperties) = preSolution
		HideSolutionNode = FALSE
	EndGlobalSection
	GlobalSection(ExtensibilityGlobals) = postSolution
		SolutionGuid = {ECD898EF-7A9B-4459-817B-592065C6E616}
	EndGlobalSection
EndGlobal
